{
  "version": 4,
  "terraform_version": "1.1.9",
  "serial": 43,
  "lineage": "ca8e47ab-023d-f94b-51a2-af701c875d02",
  "outputs": {},
  "resources": [
    {
      "mode": "data",
      "type": "vsphere_datacenter",
      "name": "dc_name",
      "provider": "provider[\"registry.terraform.io/hashicorp/vsphere\"]",
      "instances": [
        {
          "schema_version": 0,
          "attributes": {
            "id": "datacenter-3",
            "name": "SriAuronetHDC1"
          },
          "sensitive_attributes": []
        }
      ]
    },
    {
      "mode": "data",
      "type": "vsphere_datastore",
      "name": "datastore",
      "provider": "provider[\"registry.terraform.io/hashicorp/vsphere\"]",
      "instances": [
        {
          "schema_version": 0,
          "attributes": {
            "datacenter_id": "datacenter-3",
            "id": "datastore-7001",
            "name": "datastore2"
          },
          "sensitive_attributes": []
        }
      ]
    },
    {
      "mode": "data",
      "type": "vsphere_network",
      "name": "vm_network",
      "provider": "provider[\"registry.terraform.io/hashicorp/vsphere\"]",
      "instances": [
        {
          "schema_version": 0,
          "attributes": {
            "datacenter_id": "datacenter-3",
            "distributed_virtual_switch_uuid": null,
            "id": "network-13",
            "name": "VMNet-G1",
            "type": "Network"
          },
          "sensitive_attributes": []
        }
      ]
    },
    {
      "mode": "data",
      "type": "vsphere_resource_pool",
      "name": "pool",
      "provider": "provider[\"registry.terraform.io/hashicorp/vsphere\"]",
      "instances": [
        {
          "schema_version": 0,
          "attributes": {
            "datacenter_id": "datacenter-3",
            "id": "resgroup-9",
            "name": "esxi-1.sriauronet.local/Resources"
          },
          "sensitive_attributes": []
        }
      ]
    },
    {
      "mode": "data",
      "type": "vsphere_virtual_machine",
      "name": "vm_template",
      "provider": "provider[\"registry.terraform.io/hashicorp/vsphere\"]",
      "instances": [
        {
          "schema_version": 0,
          "attributes": {
            "alternate_guest_name": "",
            "annotation": "",
            "boot_delay": 0,
            "boot_retry_delay": 10000,
            "boot_retry_enabled": false,
            "change_version": "2022-05-11T23:14:21.509798Z",
            "cpu_hot_add_enabled": false,
            "cpu_hot_remove_enabled": false,
            "cpu_limit": -1,
            "cpu_performance_counters_enabled": false,
            "cpu_reservation": 0,
            "cpu_share_count": 2000,
            "cpu_share_level": "normal",
            "datacenter_id": "datacenter-3",
            "default_ip_address": null,
            "disks": [
              {
                "eagerly_scrub": false,
                "label": "Hard disk 1",
                "size": 32,
                "thin_provisioned": true,
                "unit_number": 1
              }
            ],
            "efi_secure_boot_enabled": false,
            "enable_disk_uuid": false,
            "enable_logging": true,
            "ept_rvi_mode": "automatic",
            "extra_config": {},
            "firmware": "bios",
            "guest_id": "ubuntu64Guest",
            "guest_ip_addresses": [],
            "hardware_version": 19,
            "hv_mode": "hvAuto",
            "id": "42343442-c2f5-7f55-f734-d7e6851b543b",
            "ide_controller_scan_count": 2,
            "latency_sensitivity": "normal",
            "memory": 4096,
            "memory_hot_add_enabled": false,
            "memory_limit": -1,
            "memory_reservation": 0,
            "memory_share_count": 40960,
            "memory_share_level": "normal",
            "name": "userver-22.04-lts-template",
            "nested_hv_enabled": false,
            "network_interface_types": [
              "vmxnet3"
            ],
            "network_interfaces": [
              {
                "adapter_type": "vmxnet3",
                "bandwidth_limit": -1,
                "bandwidth_reservation": 0,
                "bandwidth_share_count": 50,
                "bandwidth_share_level": "normal",
                "mac_address": "00:50:56:b4:ee:c6",
                "network_id": "network-13"
              }
            ],
            "num_cores_per_socket": 1,
            "num_cpus": 2,
            "replace_trigger": null,
            "run_tools_scripts_after_power_on": true,
            "run_tools_scripts_after_resume": true,
            "run_tools_scripts_before_guest_reboot": false,
            "run_tools_scripts_before_guest_shutdown": true,
            "run_tools_scripts_before_guest_standby": true,
            "sata_controller_scan_count": 0,
            "scsi_bus_sharing": "noSharing",
            "scsi_controller_scan_count": 1,
            "scsi_type": "lsilogic",
            "storage_policy_id": null,
            "swap_placement_policy": "inherit",
            "sync_time_with_host": true,
            "sync_time_with_host_periodically": false,
            "tools_upgrade_policy": "manual",
            "uuid": "42343442-c2f5-7f55-f734-d7e6851b543b",
            "vapp": null,
            "vapp_transport": [],
            "vbs_enabled": false,
            "vvtd_enabled": false
          },
          "sensitive_attributes": []
        }
      ]
    },
    {
      "mode": "managed",
      "type": "vsphere_virtual_machine",
      "name": "vm_instance",
      "provider": "provider[\"registry.terraform.io/hashicorp/vsphere\"]",
      "instances": [
        {
          "schema_version": 3,
          "attributes": {
            "alternate_guest_name": "",
            "annotation": "",
            "boot_delay": 0,
            "boot_retry_delay": 10000,
            "boot_retry_enabled": false,
            "cdrom": [],
            "change_version": "2022-07-12T07:28:41.299593Z",
            "clone": [
              {
                "customize": [
                  {
                    "dns_server_list": [
                      "10.1.1.1"
                    ],
                    "dns_suffix_list": [
                      "sriauronet.local"
                    ],
                    "ipv4_gateway": "10.1.1.1",
                    "ipv6_gateway": "",
                    "linux_options": [
                      {
                        "domain": "sriauronet.local",
                        "host_name": "alab-controller1",
                        "hw_clock_utc": true,
                        "script_text": "",
                        "time_zone": ""
                      }
                    ],
                    "network_interface": [
                      {
                        "dns_domain": "",
                        "dns_server_list": null,
                        "ipv4_address": "10.1.1.100",
                        "ipv4_netmask": 24,
                        "ipv6_address": "",
                        "ipv6_netmask": 0
                      }
                    ],
                    "timeout": 10,
                    "windows_options": [],
                    "windows_sysprep_text": ""
                  }
                ],
                "linked_clone": false,
                "ovf_network_map": null,
                "ovf_storage_map": null,
                "template_uuid": "42343442-c2f5-7f55-f734-d7e6851b543b",
                "timeout": 30
              }
            ],
            "cpu_hot_add_enabled": false,
            "cpu_hot_remove_enabled": false,
            "cpu_limit": -1,
            "cpu_performance_counters_enabled": false,
            "cpu_reservation": 0,
            "cpu_share_count": 2000,
            "cpu_share_level": "normal",
            "custom_attributes": null,
            "datacenter_id": null,
            "datastore_cluster_id": null,
            "datastore_id": "datastore-7001",
            "default_ip_address": "10.1.1.100",
            "disk": [
              {
                "attach": false,
                "controller_type": "scsi",
                "datastore_id": "datastore-7001",
                "device_address": "scsi:0:0",
                "disk_mode": "persistent",
                "disk_sharing": "sharingNone",
                "eagerly_scrub": false,
                "io_limit": -1,
                "io_reservation": 0,
                "io_share_count": 1000,
                "io_share_level": "normal",
                "keep_on_remove": false,
                "key": 2000,
                "label": "alab-controller1.vmdk",
                "path": "alab-controller1/alab-controller1_1.vmdk",
                "size": 32,
                "storage_policy_id": "",
                "thin_provisioned": true,
                "unit_number": 0,
                "uuid": "6000C299-502a-367c-755b-1b3c6cf6541c",
                "write_through": false
              }
            ],
            "efi_secure_boot_enabled": false,
            "enable_disk_uuid": false,
            "enable_logging": false,
            "ept_rvi_mode": "automatic",
            "extra_config": null,
            "firmware": "bios",
            "folder": "BilliMeow/PBProject",
            "force_power_off": true,
            "guest_id": "ubuntu64Guest",
            "guest_ip_addresses": [
              "10.1.1.100",
              "fe80::250:56ff:feb4:df5f"
            ],
            "hardware_version": 19,
            "host_system_id": "host-10",
            "hv_mode": "hvAuto",
            "id": "4234d241-ddb8-6c57-1acb-d02044edc71d",
            "ide_controller_count": 2,
            "ignored_guest_ips": null,
            "imported": null,
            "latency_sensitivity": "normal",
            "memory": 4096,
            "memory_hot_add_enabled": false,
            "memory_limit": -1,
            "memory_reservation": 0,
            "memory_share_count": 40960,
            "memory_share_level": "normal",
            "migrate_wait_timeout": 30,
            "moid": "vm-17003",
            "name": "alab-controller1",
            "nested_hv_enabled": false,
            "network_interface": [
              {
                "adapter_type": "vmxnet3",
                "bandwidth_limit": -1,
                "bandwidth_reservation": 0,
                "bandwidth_share_count": 50,
                "bandwidth_share_level": "normal",
                "device_address": "pci:0:7",
                "key": 4000,
                "mac_address": "00:50:56:b4:df:5f",
                "network_id": "network-13",
                "ovf_mapping": "",
                "use_static_mac": false
              }
            ],
            "num_cores_per_socket": 1,
            "num_cpus": 2,
            "ovf_deploy": [],
            "pci_device_id": null,
            "power_state": "on",
            "poweron_timeout": 300,
            "reboot_required": false,
            "replace_trigger": null,
            "resource_pool_id": "resgroup-9",
            "run_tools_scripts_after_power_on": true,
            "run_tools_scripts_after_resume": true,
            "run_tools_scripts_before_guest_reboot": false,
            "run_tools_scripts_before_guest_shutdown": true,
            "run_tools_scripts_before_guest_standby": true,
            "sata_controller_count": 0,
            "scsi_bus_sharing": "noSharing",
            "scsi_controller_count": 1,
            "scsi_type": "pvscsi",
            "shutdown_wait_timeout": 3,
            "storage_policy_id": "",
            "swap_placement_policy": "inherit",
            "sync_time_with_host": false,
            "sync_time_with_host_periodically": false,
            "tags": null,
            "tools_upgrade_policy": "manual",
            "uuid": "4234d241-ddb8-6c57-1acb-d02044edc71d",
            "vapp": [],
            "vapp_transport": [],
            "vbs_enabled": false,
            "vmware_tools_status": "guestToolsRunning",
            "vmx_path": "alab-controller1/alab-controller1.vmx",
            "vvtd_enabled": false,
            "wait_for_guest_ip_timeout": 0,
            "wait_for_guest_net_routable": true,
            "wait_for_guest_net_timeout": 5
          },
          "sensitive_attributes": [],
          "private": "eyJzY2hlbWFfdmVyc2lvbiI6IjMifQ==",
          "dependencies": [
            "data.vsphere_datacenter.dc_name",
            "data.vsphere_datastore.datastore",
            "data.vsphere_network.vm_network",
            "data.vsphere_resource_pool.pool",
            "data.vsphere_virtual_machine.vm_template",
            "module.vm_path.vsphere_folder.parent_folder",
            "module.vm_path.vsphere_folder.project_dir"
          ]
        }
      ]
    },
    {
      "module": "module.vm_path",
      "mode": "managed",
      "type": "vsphere_folder",
      "name": "parent_folder",
      "provider": "provider[\"registry.terraform.io/hashicorp/vsphere\"]",
      "instances": [
        {
          "schema_version": 1,
          "attributes": {
            "custom_attributes": null,
            "datacenter_id": "datacenter-3",
            "id": "group-v17001",
            "path": "BilliMeow",
            "tags": null,
            "type": "vm"
          },
          "sensitive_attributes": [],
          "private": "eyJzY2hlbWFfdmVyc2lvbiI6IjEifQ==",
          "dependencies": [
            "data.vsphere_datacenter.dc_name"
          ]
        }
      ]
    },
    {
      "module": "module.vm_path",
      "mode": "managed",
      "type": "vsphere_folder",
      "name": "project_dir",
      "provider": "provider[\"registry.terraform.io/hashicorp/vsphere\"]",
      "instances": [
        {
          "schema_version": 1,
          "attributes": {
            "custom_attributes": null,
            "datacenter_id": "datacenter-3",
            "id": "group-v17002",
            "path": "BilliMeow/PBProject",
            "tags": null,
            "type": "vm"
          },
          "sensitive_attributes": [],
          "private": "eyJzY2hlbWFfdmVyc2lvbiI6IjEifQ==",
          "dependencies": [
            "data.vsphere_datacenter.dc_name",
            "module.vm_path.vsphere_folder.parent_folder"
          ]
        }
      ]
    }
  ]
}
